# This file is automatically @generated by Cargo.
# It is not intended for manual editing.
[[package]]
name = "autocfg"
version = "1.0.1"
source = "registry+https://github.com/rust-lang/crates.io-index"
checksum = "cdb031dd78e28731d87d56cc8ffef4a8f36ca26c38fe2de700543e627f8a464a"

[[package]]
name = "bitflags"
version = "1.2.1"
source = "registry+https://github.com/rust-lang/crates.io-index"
checksum = "cf1de2fe8c75bc145a2f577add951f8134889b4795d47466a54a5c846d691693"

[[package]]
name = "blockchain"
version = "0.1.0"
dependencies = [
 "crypto-hash",
 "hex 0.4.3",
 "ring",
]

[[package]]
name = "bumpalo"
version = "3.7.0"
source = "registry+https://github.com/rust-lang/crates.io-index"
checksum = "9c59e7af012c713f529e7a3ee57ce9b31ddd858d4b512923602f74608b009631"

[[package]]
name = "cc"
version = "1.0.68"
source = "registry+https://github.com/rust-lang/crates.io-index"
checksum = "4a72c244c1ff497a746a7e1fb3d14bd08420ecda70c8f25c7112f2781652d787"

[[package]]
name = "cfg-if"
version = "1.0.0"
source = "registry+https://github.com/rust-lang/crates.io-index"
checksum = "baf1de4339761588bc0619e3cbc0120ee582ebb74b53b4efbf79117bd2da40fd"

[[package]]
name = "commoncrypto"
version = "0.2.0"
source = "registry+https://github.com/rust-lang/crates.io-index"
checksum = "d056a8586ba25a1e4d61cb090900e495952c7886786fc55f909ab2f819b69007"
dependencies = [
 "commoncrypto-sys",
]

[[package]]
name = "commoncrypto-sys"
version = "0.2.0"
source = "registry+https://github.com/rust-lang/crates.io-index"
checksum = "1fed34f46747aa73dfaa578069fd8279d2818ade2b55f38f22a9401c7f4083e2"
dependencies = [
 "libc",
]

[[package]]
name = "crypto-hash"
version = "0.3.4"
source = "registry+https://github.com/rust-lang/crates.io-index"
checksum = "8a77162240fd97248d19a564a565eb563a3f592b386e4136fb300909e67dddca"
dependencies = [
 "commoncrypto",
 "hex 0.3.2",
 "openssl",
 "winapi",
]

[[package]]
name = "foreign-types"
version = "0.3.2"
source = "registry+https://github.com/rust-lang/crates.io-index"
checksum = "f6f339eb8adc052cd2ca78910fda869aefa38d22d5cb648e6485e4d3fc06f3b1"
dependencies = [
 "foreign-types-shared",
]

[[package]]
name = "foreign-types-shared"
version = "0.1.1"
source = "registry+https://github.com/rust-lang/crates.io-index"
checksum = "00b0228411908ca8685dba7fc2cdd70ec9990a6e753e89b6ac91a84c40fbaf4b"

[[package]]
name = "hex"
version = "0.3.2"
source = "registry+https://github.com/rust-lang/crates.io-index"
checksum = "805026a5d0141ffc30abb3be3173848ad46a1b1664fe632428479619a3644d77"

[[package]]
name = "hex"
version = "0.4.3"
source = "registry+https://github.com/rust-lang/crates.io-index"
checksum = "7f24254aa9a54b5c858eaee2f5bccdb46aaf0e486a595ed5fd8f86ba55232a70"

[[package]]
name = "js-sys"
version = "0.3.51"
source = "registry+https://github.com/rust-lang/crates.io-index"
checksum = "83bdfbace3a0e81a4253f73b49e960b053e396a11012cbd49b9b74d6a2b67062"
dependencies = [
 "wasm-bindgen",
]

[[package]]
name = "lazy_static"
version = "1.4.0"
source = "registry+https://github.com/rust-lang/crates.io-index"
checksum = "e2abad23fbc42b3700f2f279844dc832adb2b2eb069b2df918f455c4e18cc646"

[[package]]
name = "libc"
version = "0.2.95"
source = "registry+https://github.com/rust-lang/crates.io-index"
checksum = "789da6d93f1b866ffe175afc5322a4d76c038605a1c3319bb57b06967ca98a36"

[[package]]
name = "log"
version = "0.4.14"
source = "registry+https://github.com/rust-lang/crates.io-index"
checksum = "51b9bbe6c47d51fc3e1a9b945965946b4c44142ab8792c50835a980d362c2710"
dependencies = [
 "cfg-if",
]

[[package]]
name = "once_cell"
version = "1.7.2"
source = "registry+https://github.com/rust-lang/crates.io-index"
checksum = "af8b08b04175473088b46763e51ee54da5f9a164bc162f615b91bc179dbf15a3"

[[package]]
name = "openssl"
version = "0.10.34"
source = "registry+https://github.com/rust-lang/crates.io-index"
checksum = "6d7830286ad6a3973c0f1d9b73738f69c76b739301d0229c4b96501695cbe4c8"
dependencies = [
 "bitflags",
 "cfg-if",
 "foreign-types",
 "libc",
 "once_cell",
 "openssl-sys",
]

[[package]]
name = "openssl-sys"
version = "0.9.63"
source = "registry+https://github.com/rust-lang/crates.io-index"
checksum = "b6b0d6fb7d80f877617dfcb014e605e2b5ab2fb0afdf27935219bb6bd984cb98"
dependencies = [
 "autocfg",
 "cc",
 "libc",
 "pkg-config",
 "vcpkg",
]

[[package]]
name = "pkg-config"
version = "0.3.19"
source = "registry+https://github.com/rust-lang/crates.io-index"
checksum = "3831453b3449ceb48b6d9c7ad7c96d5ea673e9b470a1dc578c2ce6521230884c"

[[package]]
name = "proc-macro2"
version = "1.0.27"
source = "registry+https://github.com/rust-lang/crates.io-index"
checksum = "f0d8caf72986c1a598726adc988bb5984792ef84f5ee5aa50209145ee8077038"
dependencies = [
 "unicode-xid",
]

[[package]]
name = "quote"
version = "1.0.9"
source = "registry+https://github.com/rust-lang/crates.io-index"
checksum = "c3d0b9745dc2debf507c8422de05d7226cc1f0644216dfdfead988f9b1ab32a7"
dependencies = [
 "proc-macro2",
]

[[package]]
name = "ring"
version = "0.16.20"
source = "registry+https://github.com/rust-lang/crates.io-index"
checksum = "3053cf52e236a3ed746dfc745aa9cacf1b791d846bdaf412f60a8d7d6e17c8fc"
dependencies = [
 "cc",
 "libc",
 "once_cell",
 "spin",
 "untrusted",
 "web-sys",
 "winapi",
]

[[package]]
name = "spin"
version = "0.5.2"
source = "registry+https://github.com/rust-lang/crates.io-index"
checksum = "6e63cff320ae2c57904679ba7cb63280a3dc4613885beafb148ee7bf9aa9042d"

[[package]]
name = "syn"
version = "1.0.72"
source = "registry+https://github.com/rust-lang/crates.io-index"
checksum = "a1e8cdbefb79a9a5a65e0db8b47b723ee907b7c7f8496c76a1770b5c310bab82"
dependencies = [
 "proc-macro2",
 "quote",
 "unicode-xid",
]

[[package]]
name = "unicode-xid"
version = "0.2.2"
source = "registry+https://github.com/rust-lang/crates.io-index"
checksum = "8ccb82d61f80a663efe1f787a51b16b5a51e3314d6ac365b08639f52387b33f3"

[[package]]
name = "untrusted"
version = "0.7.1"
source = "registry+https://github.com/rust-lang/crates.io-index"
checksum = "a156c684c91ea7d62626509bce3cb4e1d9ed5c4d978f7b4352658f96a4c26b4a"

[[package]]
name = "vcpkg"
version = "0.2.13"
source = "registry+https://github.com/rust-lang/crates.io-index"
checksum = "025ce40a007e1907e58d5bc1a594def78e5573bb0b1160bc389634e8f12e4faa"

[[package]]
name = "wasm-bindgen"
version = "0.2.74"
source = "registry+https://github.com/rust-lang/crates.io-index"
checksum = "d54ee1d4ed486f78874278e63e4069fc1ab9f6a18ca492076ffb90c5eb2997fd"
dependencies = [
 "cfg-if",
 "wasm-bindgen-macro",
]

[[package]]
name = "wasm-bindgen-backend"
version = "0.2.74"
source = "registry+https://github.com/rust-lang/crates.io-index"
checksum = "3b33f6a0694ccfea53d94db8b2ed1c3a8a4c86dd936b13b9f0a15ec4a451b900"
dependencies = [
 "bumpalo",
 "lazy_static",
 "log",
 "proc-macro2",
 "quote",
 "syn",
 "wasm-bindgen-shared",
]

[[package]]
name = "wasm-bindgen-macro"
version = "0.2.74"
source = "registry+https://github.com/rust-lang/crates.io-index"
checksum = "088169ca61430fe1e58b8096c24975251700e7b1f6fd91cc9d59b04fb9b18bd4"
dependencies = [
 "quote",
 "wasm-bindgen-macro-support",
]

[[package]]
name = "wasm-bindgen-macro-support"
version = "0.2.74"
source = "registry+https://github.com/rust-lang/crates.io-index"
checksum = "be2241542ff3d9f241f5e2cb6dd09b37efe786df8851c54957683a49f0987a97"
dependencies = [
 "proc-macro2",
 "quote",
 "syn",
 "wasm-bindgen-backend",
 "wasm-bindgen-shared",
]

[[package]]
name = "wasm-bindgen-shared"
version = "0.2.74"
source = "registry+https://github.com/rust-lang/crates.io-index"
checksum = "d7cff876b8f18eed75a66cf49b65e7f967cb354a7aa16003fb55dbfd25b44b4f"

[[package]]
name = "web-sys"
version = "0.3.51"
source = "registry+https://github.com/rust-lang/crates.io-index"
checksum = "e828417b379f3df7111d3a2a9e5753706cae29c41f7c4029ee9fd77f3e09e582"
dependencies = [
 "js-sys",
 "wasm-bindgen",
]

[[package]]
name = "winapi"
version = "0.3.9"
source = "registry+https://github.com/rust-lang/crates.io-index"
checksum = "5c839a674fcd7a98952e593242ea400abe93992746761e38641405d28b00f419"
dependencies = [
 "winapi-i686-pc-windows-gnu",
 "winapi-x86_64-pc-windows-gnu",
]

[[package]]
name = "winapi-i686-pc-windows-gnu"
version = "0.4.0"
source = "registry+https://github.com/rust-lang/crates.io-index"
checksum = "ac3b87c63620426dd9b991e5ce0329eff545bccbbb34f3be09ff6fb6ab51b7b6"

[[package]]
name = "winapi-x86_64-pc-windows-gnu"
version = "0.4.0"
source = "registry+https://github.com/rust-lang/crates.io-index"
checksum = "712e227841d057c1ee1cd2fb22fa7e5a5461ae8e48fa2ca79ec42cfc1931183f"
